
Microsoft Visual Studio Solution File, Format Version 12.00
# Visual Studio Version 17
VisualStudioVersion = 17.9.34723.18
MinimumVisualStudioVersion = 10.0.40219.1
Project("{8BC9CEB8-8B4A-11D0-8D11-00A0C91BC942}") = "PG1", "PG1.vcxproj", "{ACD8B43C-6112-4F07-82F4-EF872D2D09A2}"
EndProject
Global
	GlobalSection(SolutionConfigurationPlatforms) = preSolution
		Debug|x64 = Debug|x64
		Debug|x86 = Debug|x86
		Release|x64 = Release|x64
		Release|x86 = Release|x86
	EndGlobalSection
	GlobalSection(ProjectConfigurationPlatforms) = postSolution
		{ACD8B43C-6112-4F07-82F4-EF872D2D09A2}.Debug|x64.ActiveCfg = Debug|x64
		{ACD8B43C-6112-4F07-82F4-EF872D2D09A2}.Debug|x64.Build.0 = Debug|x64
		{ACD8B43C-6112-4F07-82F4-EF872D2D09A2}.Debug|x86.ActiveCfg = Debug|Win32
		{ACD8B43C-6112-4F07-82F4-EF872D2D09A2}.Debug|x86.Build.0 = Debug|Win32
		{ACD8B43C-6112-4F07-82F4-EF872D2D09A2}.Release|x64.ActiveCfg = Release|x64
		{ACD8B43C-6112-4F07-82F4-EF872D2D09A2}.Release|x64.Build.0 = Release|x64
		{ACD8B43C-6112-4F07-82F4-EF872D2D09A2}.Release|x86.ActiveCfg = Release|Win32
		{ACD8B43C-6112-4F07-82F4-EF872D2D09A2}.Release|x86.Build.0 = Release|Win32
	EndGlobalSection
	GlobalSection(SolutionProperties) = preSolution
		HideSolutionNode = FALSE
	EndGlobalSection
	GlobalSection(ExtensibilityGlobals) = postSolution
		SolutionGuid = {4A747075-D7E3-429B-AB0F-4B21EAEE1909}
	EndGlobalSection
EndGlobal
